
Microsoft Visual Studio Solution File, Format Version 11.00
# Visual Studio 2010
Project("{FAE04EC0-301F-11D3-BF4B-00C04F79EFBC}") = "Assembly-CSharp", "Assembly-CSharp.csproj", "{2515BBAB-A86C-2862-801A-CE4ECFA9E8FE}"
EndProject
Project("{FAE04EC0-301F-11D3-BF4B-00C04F79EFBC}") = "FRPGraph_Runtime", "FRPGraph_Runtime.csproj", "{341F2EA0-F5FE-7A65-F9D5-FCCBE655D999}"
EndProject
Project("{FAE04EC0-301F-11D3-BF4B-00C04F79EFBC}") = "Assembly-CSharp-Editor", "Assembly-CSharp-Editor.csproj", "{2FCD02D1-EE34-4301-EB93-4AEBC05262AD}"
EndProject
Project("{FAE04EC0-301F-11D3-BF4B-00C04F79EFBC}") = "Tests", "Tests.csproj", "{4B6CFAA2-3007-D9B4-57FB-AB7FCAB493E7}"
EndProject
Global
	GlobalSection(SolutionConfigurationPlatforms) = preSolution
		Debug|Any CPU = Debug|Any CPU
		Release|Any CPU = Release|Any CPU
	EndGlobalSection
	GlobalSection(ProjectConfigurationPlatforms) = postSolution
		{2515BBAB-A86C-2862-801A-CE4ECFA9E8FE}.Debug|Any CPU.ActiveCfg = Debug|Any CPU
		{2515BBAB-A86C-2862-801A-CE4ECFA9E8FE}.Debug|Any CPU.Build.0 = Debug|Any CPU
		{2515BBAB-A86C-2862-801A-CE4ECFA9E8FE}.Release|Any CPU.ActiveCfg = Release|Any CPU
		{2515BBAB-A86C-2862-801A-CE4ECFA9E8FE}.Release|Any CPU.Build.0 = Release|Any CPU
		{341F2EA0-F5FE-7A65-F9D5-FCCBE655D999}.Debug|Any CPU.ActiveCfg = Debug|Any CPU
		{341F2EA0-F5FE-7A65-F9D5-FCCBE655D999}.Debug|Any CPU.Build.0 = Debug|Any CPU
		{341F2EA0-F5FE-7A65-F9D5-FCCBE655D999}.Release|Any CPU.ActiveCfg = Release|Any CPU
		{341F2EA0-F5FE-7A65-F9D5-FCCBE655D999}.Release|Any CPU.Build.0 = Release|Any CPU
		{2FCD02D1-EE34-4301-EB93-4AEBC05262AD}.Debug|Any CPU.ActiveCfg = Debug|Any CPU
		{2FCD02D1-EE34-4301-EB93-4AEBC05262AD}.Debug|Any CPU.Build.0 = Debug|Any CPU
		{2FCD02D1-EE34-4301-EB93-4AEBC05262AD}.Release|Any CPU.ActiveCfg = Release|Any CPU
		{2FCD02D1-EE34-4301-EB93-4AEBC05262AD}.Release|Any CPU.Build.0 = Release|Any CPU
		{4B6CFAA2-3007-D9B4-57FB-AB7FCAB493E7}.Debug|Any CPU.ActiveCfg = Debug|Any CPU
		{4B6CFAA2-3007-D9B4-57FB-AB7FCAB493E7}.Debug|Any CPU.Build.0 = Debug|Any CPU
		{4B6CFAA2-3007-D9B4-57FB-AB7FCAB493E7}.Release|Any CPU.ActiveCfg = Release|Any CPU
		{4B6CFAA2-3007-D9B4-57FB-AB7FCAB493E7}.Release|Any CPU.Build.0 = Release|Any CPU
	EndGlobalSection
	GlobalSection(SolutionProperties) = preSolution
		HideSolutionNode = FALSE
	EndGlobalSection
EndGlobal
